// !$*UTF8*$!
{
	archiveVersion = 1;
	classes = {
	};
	objectVersion = 55;
	objects = {

/* Begin PBXBuildFile section */
		9B2B947D27E968DC00F63759 /* FruitModel.swift in Sources */ = {isa = PBXBuildFile; fileRef = 9B2B947C27E968DC00F63759 /* FruitModel.swift */; };
		9B2B948027E969D100F63759 /* FruitData.swift in Sources */ = {isa = PBXBuildFile; fileRef = 9B2B947F27E969D100F63759 /* FruitData.swift */; };
		9B2B948227EB7D5C00F63759 /* FruitRowView.swift in Sources */ = {isa = PBXBuildFile; fileRef = 9B2B948127EB7D5C00F63759 /* FruitRowView.swift */; };
		9B39B0AA27E0285A004B159B /* FructusApp.swift in Sources */ = {isa = PBXBuildFile; fileRef = 9B39B0A927E0285A004B159B /* FructusApp.swift */; };
		9B39B0AC27E0285A004B159B /* ContentView.swift in Sources */ = {isa = PBXBuildFile; fileRef = 9B39B0AB27E0285A004B159B /* ContentView.swift */; };
		9B39B0AE27E0285A004B159B /* Assets.xcassets in Resources */ = {isa = PBXBuildFile; fileRef = 9B39B0AD27E0285A004B159B /* Assets.xcassets */; };
		9B39B0B127E0285A004B159B /* Preview Assets.xcassets in Resources */ = {isa = PBXBuildFile; fileRef = 9B39B0B027E0285A004B159B /* Preview Assets.xcassets */; };
		9B39B0BA27E03158004B159B /* FruitCardView.swift in Sources */ = {isa = PBXBuildFile; fileRef = 9B39B0B927E03158004B159B /* FruitCardView.swift */; };
		9B39B0BC27E03772004B159B /* StartButtonView.swift in Sources */ = {isa = PBXBuildFile; fileRef = 9B39B0BB27E03772004B159B /* StartButtonView.swift */; };
		9B39B0BE27E03BAD004B159B /* OnboardingView.swift in Sources */ = {isa = PBXBuildFile; fileRef = 9B39B0BD27E03BAD004B159B /* OnboardingView.swift */; };
		9B87312227EE023800DB6D9C /* FruitDetailView.swift in Sources */ = {isa = PBXBuildFile; fileRef = 9B87312127EE023800DB6D9C /* FruitDetailView.swift */; };
		9B87312427F240D800DB6D9C /* FruitHeaderView.swift in Sources */ = {isa = PBXBuildFile; fileRef = 9B87312327F240D800DB6D9C /* FruitHeaderView.swift */; };
		9B87312627F243A600DB6D9C /* SourceLinkView.swift in Sources */ = {isa = PBXBuildFile; fileRef = 9B87312527F243A600DB6D9C /* SourceLinkView.swift */; };
/* End PBXBuildFile section */

/* Begin PBXFileReference section */
		9B2B947C27E968DC00F63759 /* FruitModel.swift */ = {isa = PBXFileReference; lastKnownFileType = sourcecode.swift; path = FruitModel.swift; sourceTree = "<group>"; };
		9B2B947F27E969D100F63759 /* FruitData.swift */ = {isa = PBXFileReference; lastKnownFileType = sourcecode.swift; path = FruitData.swift; sourceTree = "<group>"; };
		9B2B948127EB7D5C00F63759 /* FruitRowView.swift */ = {isa = PBXFileReference; lastKnownFileType = sourcecode.swift; path = FruitRowView.swift; sourceTree = "<group>"; };
		9B39B0A627E02859004B159B /* Fructus.app */ = {isa = PBXFileReference; explicitFileType = wrapper.application; includeInIndex = 0; path = Fructus.app; sourceTree = BUILT_PRODUCTS_DIR; };
		9B39B0A927E0285A004B159B /* FructusApp.swift */ = {isa = PBXFileReference; lastKnownFileType = sourcecode.swift; path = FructusApp.swift; sourceTree = "<group>"; };
		9B39B0AB27E0285A004B159B /* ContentView.swift */ = {isa = PBXFileReference; lastKnownFileType = sourcecode.swift; path = ContentView.swift; sourceTree = "<group>"; };
		9B39B0AD27E0285A004B159B /* Assets.xcassets */ = {isa = PBXFileReference; lastKnownFileType = folder.assetcatalog; path = Assets.xcassets; sourceTree = "<group>"; };
		9B39B0B027E0285A004B159B /* Preview Assets.xcassets */ = {isa = PBXFileReference; lastKnownFileType = folder.assetcatalog; path = "Preview Assets.xcassets"; sourceTree = "<group>"; };
		9B39B0B927E03158004B159B /* FruitCardView.swift */ = {isa = PBXFileReference; lastKnownFileType = sourcecode.swift; path = FruitCardView.swift; sourceTree = "<group>"; };
		9B39B0BB27E03772004B159B /* StartButtonView.swift */ = {isa = PBXFileReference; lastKnownFileType = sourcecode.swift; path = StartButtonView.swift; sourceTree = "<group>"; };
		9B39B0BD27E03BAD004B159B /* OnboardingView.swift */ = {isa = PBXFileReference; lastKnownFileType = sourcecode.swift; path = OnboardingView.swift; sourceTree = "<group>"; };
		9B87312127EE023800DB6D9C /* FruitDetailView.swift */ = {isa = PBXFileReference; lastKnownFileType = sourcecode.swift; path = FruitDetailView.swift; sourceTree = "<group>"; };
		9B87312327F240D800DB6D9C /* FruitHeaderView.swift */ = {isa = PBXFileReference; lastKnownFileType = sourcecode.swift; path = FruitHeaderView.swift; sourceTree = "<group>"; };
		9B87312527F243A600DB6D9C /* SourceLinkView.swift */ = {isa = PBXFileReference; lastKnownFileType = sourcecode.swift; path = SourceLinkView.swift; sourceTree = "<group>"; };
/* End PBXFileReference section */

/* Begin PBXFrameworksBuildPhase section */
		9B39B0A327E02859004B159B /* Frameworks */ = {
			isa = PBXFrameworksBuildPhase;
			buildActionMask = 2147483647;
			files = (
			);
			runOnlyForDeploymentPostprocessing = 0;
		};
/* End PBXFrameworksBuildPhase section */

/* Begin PBXGroup section */
		9B2B947B27E968C400F63759 /* Model */ = {
			isa = PBXGroup;
			children = (
				9B2B947C27E968DC00F63759 /* FruitModel.swift */,
			);
			path = Model;
			sourceTree = "<group>";
		};
		9B2B947E27E969BC00F63759 /* Data */ = {
			isa = PBXGroup;
			children = (
				9B2B947F27E969D100F63759 /* FruitData.swift */,
			);
			path = Data;
			sourceTree = "<group>";
		};
		9B39B09D27E02859004B159B = {
			isa = PBXGroup;
			children = (
				9B39B0A827E02859004B159B /* Fructus */,
				9B39B0A727E02859004B159B /* Products */,
			);
			sourceTree = "<group>";
		};
		9B39B0A727E02859004B159B /* Products */ = {
			isa = PBXGroup;
			children = (
				9B39B0A627E02859004B159B /* Fructus.app */,
			);
			name = Products;
			sourceTree = "<group>";
		};
		9B39B0A827E02859004B159B /* Fructus */ = {
			isa = PBXGroup;
			children = (
				9B2B947E27E969BC00F63759 /* Data */,
				9B2B947B27E968C400F63759 /* Model */,
				9B39B0B827E0312C004B159B /* View */,
				9B39B0B727E030ED004B159B /* App */,
				9B39B0AD27E0285A004B159B /* Assets.xcassets */,
				9B39B0AF27E0285A004B159B /* Preview Content */,
			);
			path = Fructus;
			sourceTree = "<group>";
		};
		9B39B0AF27E0285A004B159B /* Preview Content */ = {
			isa = PBXGroup;
			children = (
				9B39B0B027E0285A004B159B /* Preview Assets.xcassets */,
			);
			path = "Preview Content";
			sourceTree = "<group>";
		};
		9B39B0B727E030ED004B159B /* App */ = {
			isa = PBXGroup;
			children = (
				9B39B0A927E0285A004B159B /* FructusApp.swift */,
				9B39B0AB27E0285A004B159B /* ContentView.swift */,
				9B39B0BD27E03BAD004B159B /* OnboardingView.swift */,
				9B87312127EE023800DB6D9C /* FruitDetailView.swift */,
			);
			path = App;
			sourceTree = "<group>";
		};
		9B39B0B827E0312C004B159B /* View */ = {
			isa = PBXGroup;
			children = (
				9B39B0B927E03158004B159B /* FruitCardView.swift */,
				9B39B0BB27E03772004B159B /* StartButtonView.swift */,
				9B2B948127EB7D5C00F63759 /* FruitRowView.swift */,
				9B87312327F240D800DB6D9C /* FruitHeaderView.swift */,
				9B87312527F243A600DB6D9C /* SourceLinkView.swift */,
			);
			path = View;
			sourceTree = "<group>";
		};
/* End PBXGroup section */

/* Begin PBXNativeTarget section */
		9B39B0A527E02859004B159B /* Fructus */ = {
			isa = PBXNativeTarget;
			buildConfigurationList = 9B39B0B427E0285A004B159B /* Build configuration list for PBXNativeTarget "Fructus" */;
			buildPhases = (
				9B39B0A227E02859004B159B /* Sources */,
				9B39B0A327E02859004B159B /* Frameworks */,
				9B39B0A427E02859004B159B /* Resources */,
			);
			buildRules = (
			);
			dependencies = (
			);
			name = Fructus;
			productName = Fructus;
			productReference = 9B39B0A627E02859004B159B /* Fructus.app */;
			productType = "com.apple.product-type.application";
		};
/* End PBXNativeTarget section */

/* Begin PBXProject section */
		9B39B09E27E02859004B159B /* Project object */ = {
			isa = PBXProject;
			attributes = {
				BuildIndependentTargetsInParallel = 1;
				LastSwiftUpdateCheck = 1320;
				LastUpgradeCheck = 1320;
				TargetAttributes = {
					9B39B0A527E02859004B159B = {
						CreatedOnToolsVersion = 13.2.1;
					};
				};
			};
			buildConfigurationList = 9B39B0A127E02859004B159B /* Build configuration list for PBXProject "Fructus" */;
			compatibilityVersion = "Xcode 13.0";
			developmentRegion = en;
			hasScannedForEncodings = 0;
			knownRegions = (
				en,
				Base,
			);
			mainGroup = 9B39B09D27E02859004B159B;
			productRefGroup = 9B39B0A727E02859004B159B /* Products */;
			projectDirPath = "";
			projectRoot = "";
			targets = (
				9B39B0A527E02859004B159B /* Fructus */,
			);
		};
/* End PBXProject section */

/* Begin PBXResourcesBuildPhase section */
		9B39B0A427E02859004B159B /* Resources */ = {
			isa = PBXResourcesBuildPhase;
			buildActionMask = 2147483647;
			files = (
				9B39B0B127E0285A004B159B /* Preview Assets.xcassets in Resources */,
				9B39B0AE27E0285A004B159B /* Assets.xcassets in Resources */,
			);
			runOnlyForDeploymentPostprocessing = 0;
		};
/* End PBXResourcesBuildPhase section */

/* Begin PBXSourcesBuildPhase section */
		9B39B0A227E02859004B159B /* Sources */ = {
			isa = PBXSourcesBuildPhase;
			buildActionMask = 2147483647;
			files = (
				9B2B948027E969D100F63759 /* FruitData.swift in Sources */,
				9B87312627F243A600DB6D9C /* SourceLinkView.swift in Sources */,
				9B39B0BA27E03158004B159B /* FruitCardView.swift in Sources */,
				9B2B948227EB7D5C00F63759 /* FruitRowView.swift in Sources */,
				9B39B0BC27E03772004B159B /* StartButtonView.swift in Sources */,
				9B87312227EE023800DB6D9C /* FruitDetailView.swift in Sources */,
				9B39B0AC27E0285A004B159B /* ContentView.swift in Sources */,
				9B87312427F240D800DB6D9C /* FruitHeaderView.swift in Sources */,
				9B39B0BE27E03BAD004B159B /* OnboardingView.swift in Sources */,
				9B2B947D27E968DC00F63759 /* FruitModel.swift in Sources */,
				9B39B0AA27E0285A004B159B /* FructusApp.swift in Sources */,
			);
			runOnlyForDeploymentPostprocessing = 0;
		};
/* End PBXSourcesBuildPhase section */

/* Begin XCBuildConfiguration section */
		9B39B0B227E0285A004B159B /* Debug */ = {
			isa = XCBuildConfiguration;
			buildSettings = {
				ALWAYS_SEARCH_USER_PATHS = NO;
				CLANG_ANALYZER_NONNULL = YES;
				CLANG_ANALYZER_NUMBER_OBJECT_CONVERSION = YES_AGGRESSIVE;
				CLANG_CXX_LANGUAGE_STANDARD = "gnu++17";
				CLANG_CXX_LIBRARY = "libc++";
				CLANG_ENABLE_MODULES = YES;
				CLANG_ENABLE_OBJC_ARC = YES;
				CLANG_ENABLE_OBJC_WEAK = YES;
				CLANG_WARN_BLOCK_CAPTURE_AUTORELEASING = YES;
				CLANG_WARN_BOOL_CONVERSION = YES;
				CLANG_WARN_COMMA = YES;
				CLANG_WARN_CONSTANT_CONVERSION = YES;
				CLANG_WARN_DEPRECATED_OBJC_IMPLEMENTATIONS = YES;
				CLANG_WARN_DIRECT_OBJC_ISA_USAGE = YES_ERROR;
				CLANG_WARN_DOCUMENTATION_COMMENTS = YES;
				CLANG_WARN_EMPTY_BODY = YES;
				CLANG_WARN_ENUM_CONVERSION = YES;
				CLANG_WARN_INFINITE_RECURSION = YES;
				CLANG_WARN_INT_CONVERSION = YES;
				CLANG_WARN_NON_LITERAL_NULL_CONVERSION = YES;
				CLANG_WARN_OBJC_IMPLICIT_RETAIN_SELF = YES;
				CLANG_WARN_OBJC_LITERAL_CONVERSION = YES;
				CLANG_WARN_OBJC_ROOT_CLASS = YES_ERROR;
				CLANG_WARN_QUOTED_INCLUDE_IN_FRAMEWORK_HEADER = YES;
				CLANG_WARN_RANGE_LOOP_ANALYSIS = YES;
				CLANG_WARN_STRICT_PROTOTYPES = YES;
				CLANG_WARN_SUSPICIOUS_MOVE = YES;
				CLANG_WARN_UNGUARDED_AVAILABILITY = YES_AGGRESSIVE;
				CLANG_WARN_UNREACHABLE_CODE = YES;
				CLANG_WARN__DUPLICATE_METHOD_MATCH = YES;
				COPY_PHASE_STRIP = NO;
				DEBUG_INFORMATION_FORMAT = dwarf;
				ENABLE_STRICT_OBJC_MSGSEND = YES;
				ENABLE_TESTABILITY = YES;
				GCC_C_LANGUAGE_STANDARD = gnu11;
				GCC_DYNAMIC_NO_PIC = NO;
				GCC_NO_COMMON_BLOCKS = YES;
				GCC_OPTIMIZATION_LEVEL = 0;
				GCC_PREPROCESSOR_DEFINITIONS = (
					"DEBUG=1",
					"$(inherited)",
				);
				GCC_WARN_64_TO_32_BIT_CONVERSION = YES;
				GCC_WARN_ABOUT_RETURN_TYPE = YES_ERROR;
				GCC_WARN_UNDECLARED_SELECTOR = YES;
				GCC_WARN_UNINITIALIZED_AUTOS = YES_AGGRESSIVE;
				GCC_WARN_UNUSED_FUNCTION = YES;
				GCC_WARN_UNUSED_VARIABLE = YES;
				IPHONEOS_DEPLOYMENT_TARGET = 15.2;
				MTL_ENABLE_DEBUG_INFO = INCLUDE_SOURCE;
				MTL_FAST_MATH = YES;
				ONLY_ACTIVE_ARCH = YES;
				SDKROOT = iphoneos;
				SWIFT_ACTIVE_COMPILATION_CONDITIONS = DEBUG;
				SWIFT_OPTIMIZATION_LEVEL = "-Onone";
			};
			name = Debug;
		};
		9B39B0B327E0285A004B159B /* Release */ = {
			isa = XCBuildConfiguration;
			buildSettings = {
				ALWAYS_SEARCH_USER_PATHS = NO;
				CLANG_ANALYZER_NONNULL = YES;
				CLANG_ANALYZER_NUMBER_OBJECT_CONVERSION = YES_AGGRESSIVE;
				CLANG_CXX_LANGUAGE_STANDARD = "gnu++17";
				CLANG_CXX_LIBRARY = "libc++";
				CLANG_ENABLE_MODULES = YES;
				CLANG_ENABLE_OBJC_ARC = YES;
				CLANG_ENABLE_OBJC_WEAK = YES;
				CLANG_WARN_BLOCK_CAPTURE_AUTORELEASING = YES;
				CLANG_WARN_BOOL_CONVERSION = YES;
				CLANG_WARN_COMMA = YES;
				CLANG_WARN_CONSTANT_CONVERSION = YES;
				CLANG_WARN_DEPRECATED_OBJC_IMPLEMENTATIONS = YES;
				CLANG_WARN_DIRECT_OBJC_ISA_USAGE = YES_ERROR;
				CLANG_WARN_DOCUMENTATION_COMMENTS = YES;
				CLANG_WARN_EMPTY_BODY = YES;
				CLANG_WARN_ENUM_CONVERSION = YES;
				CLANG_WARN_INFINITE_RECURSION = YES;
				CLANG_WARN_INT_CONVERSION = YES;
				CLANG_WARN_NON_LITERAL_NULL_CONVERSION = YES;
				CLANG_WARN_OBJC_IMPLICIT_RETAIN_SELF = YES;
				CLANG_WARN_OBJC_LITERAL_CONVERSION = YES;
				CLANG_WARN_OBJC_ROOT_CLASS = YES_ERROR;
				CLANG_WARN_QUOTED_INCLUDE_IN_FRAMEWORK_HEADER = YES;
				CLANG_WARN_RANGE_LOOP_ANALYSIS = YES;
				CLANG_WARN_STRICT_PROTOTYPES = YES;
				CLANG_WARN_SUSPICIOUS_MOVE = YES;
				CLANG_WARN_UNGUARDED_AVAILABILITY = YES_AGGRESSIVE;
				CLANG_WARN_UNREACHABLE_CODE = YES;
				CLANG_WARN__DUPLICATE_METHOD_MATCH = YES;
				COPY_PHASE_STRIP = NO;
				DEBUG_INFORMATION_FORMAT = "dwarf-with-dsym";
				ENABLE_NS_ASSERTIONS = NO;
				ENABLE_STRICT_OBJC_MSGSEND = YES;
				GCC_C_LANGUAGE_STANDARD = gnu11;
				GCC_NO_COMMON_BLOCKS = YES;
				GCC_WARN_64_TO_32_BIT_CONVERSION = YES;
				GCC_WARN_ABOUT_RETURN_TYPE = YES_ERROR;
				GCC_WARN_UNDECLARED_SELECTOR = YES;
				GCC_WARN_UNINITIALIZED_AUTOS = YES_AGGRESSIVE;
				GCC_WARN_UNUSED_FUNCTION = YES;
				GCC_WARN_UNUSED_VARIABLE = YES;
				IPHONEOS_DEPLOYMENT_TARGET = 15.2;
				MTL_ENABLE_DEBUG_INFO = NO;
				MTL_FAST_MATH = YES;
				SDKROOT = iphoneos;
				SWIFT_COMPILATION_MODE = wholemodule;
				SWIFT_OPTIMIZATION_LEVEL = "-O";
				VALIDATE_PRODUCT = YES;
			};
			name = Release;
		};
		9B39B0B527E0285A004B159B /* Debug */ = {
			isa = XCBuildConfiguration;
			buildSettings = {
				ASSETCATALOG_COMPILER_APPICON_NAME = AppIcon;
				ASSETCATALOG_COMPILER_GLOBAL_ACCENT_COLOR_NAME = AccentColor;
				CODE_SIGN_STYLE = Automatic;
				CURRENT_PROJECT_VERSION = 1;
				DEVELOPMENT_ASSET_PATHS = "\"Fructus/Preview Content\"";
				DEVELOPMENT_TEAM = R3L959NAAA;
				ENABLE_PREVIEWS = YES;
				GENERATE_INFOPLIST_FILE = YES;
				INFOPLIST_KEY_UIApplicationSceneManifest_Generation = YES;
				INFOPLIST_KEY_UIApplicationSupportsIndirectInputEvents = YES;
				INFOPLIST_KEY_UILaunchScreen_Generation = YES;
				INFOPLIST_KEY_UISupportedInterfaceOrientations = UIInterfaceOrientationPortrait;
				INFOPLIST_KEY_UISupportedInterfaceOrientations_iPad = "UIInterfaceOrientationPortrait UIInterfaceOrientationPortraitUpsideDown UIInterfaceOrientationLandscapeLeft UIInterfaceOrientationLandscapeRight";
				INFOPLIST_KEY_UISupportedInterfaceOrientations_iPhone = "UIInterfaceOrientationPortrait UIInterfaceOrientationLandscapeLeft UIInterfaceOrientationLandscapeRight";
				LD_RUNPATH_SEARCH_PATHS = (
					"$(inherited)",
					"@executable_path/Frameworks",
				);
				MARKETING_VERSION = 1.0;
				PRODUCT_BUNDLE_IDENTIFIER = com.apress.Fructus;
				PRODUCT_NAME = "$(TARGET_NAME)";
				SWIFT_EMIT_LOC_STRINGS = YES;
				SWIFT_VERSION = 5.0;
				TARGETED_DEVICE_FAMILY = "1,2";
			};
			name = Debug;
		};
		9B39B0B627E0285A004B159B /* Release */ = {
			isa = XCBuildConfiguration;
			buildSettings = {
				ASSETCATALOG_COMPILER_APPICON_NAME = AppIcon;
				ASSETCATALOG_COMPILER_GLOBAL_ACCENT_COLOR_NAME = AccentColor;
				CODE_SIGN_STYLE = Automatic;
				CURRENT_PROJECT_VERSION = 1;
				DEVELOPMENT_ASSET_PATHS = "\"Fructus/Preview Content\"";
				DEVELOPMENT_TEAM = R3L959NAAA;
				ENABLE_PREVIEWS = YES;
				GENERATE_INFOPLIST_FILE = YES;
				INFOPLIST_KEY_UIApplicationSceneManifest_Generation = YES;
				INFOPLIST_KEY_UIApplicationSupportsIndirectInputEvents = YES;
				INFOPLIST_KEY_UILaunchScreen_Generation = YES;
				INFOPLIST_KEY_UISupportedInterfaceOrientations = UIInterfaceOrientationPortrait;
				INFOPLIST_KEY_UISupportedInterfaceOrientations_iPad = "UIInterfaceOrientationPortrait UIInterfaceOrientationPortraitUpsideDown UIInterfaceOrientationLandscapeLeft UIInterfaceOrientationLandscapeRight";
				INFOPLIST_KEY_UISupportedInterfaceOrientations_iPhone = "UIInterfaceOrientationPortrait UIInterfaceOrientationLandscapeLeft UIInterfaceOrientationLandscapeRight";
				LD_RUNPATH_SEARCH_PATHS = (
					"$(inherited)",
					"@executable_path/Frameworks",
				);
				MARKETING_VERSION = 1.0;
				PRODUCT_BUNDLE_IDENTIFIER = com.apress.Fructus;
				PRODUCT_NAME = "$(TARGET_NAME)";
				SWIFT_EMIT_LOC_STRINGS = YES;
				SWIFT_VERSION = 5.0;
				TARGETED_DEVICE_FAMILY = "1,2";
			};
			name = Release;
		};
/* End XCBuildConfiguration section */

/* Begin XCConfigurationList section */
		9B39B0A127E02859004B159B /* Build configuration list for PBXProject "Fructus" */ = {
			isa = XCConfigurationList;
			buildConfigurations = (
				9B39B0B227E0285A004B159B /* Debug */,
				9B39B0B327E0285A004B159B /* Release */,
			);
			defaultConfigurationIsVisible = 0;
			defaultConfigurationName = Release;
		};
		9B39B0B427E0285A004B159B /* Build configuration list for PBXNativeTarget "Fructus" */ = {
			isa = XCConfigurationList;
			buildConfigurations = (
				9B39B0B527E0285A004B159B /* Debug */,
				9B39B0B627E0285A004B159B /* Release */,
			);
			defaultConfigurationIsVisible = 0;
			defaultConfigurationName = Release;
		};
/* End XCConfigurationList section */
	};
	rootObject = 9B39B09E27E02859004B159B /* Project object */;
}
